<?xml version="1.0" encoding="utf-8"?>
<Project ToolsVersion="4.0" xmlns="http://schemas.microsoft.com/developer/msbuild/2003">
  <ItemGroup>
    <Filter Include="Source Files">
      <UniqueIdentifier>{4FC737F1-C7A5-4376-A066-2A32D752A2FF}</UniqueIdentifier>
      <Extensions>cpp;c;cc;cxx;def;odl;idl;hpj;bat;asm;asmx</Extensions>
    </Filter>
    <Filter Include="Header Files">
      <UniqueIdentifier>{93995380-89BD-4b04-88EB-625FBE52EBFB}</UniqueIdentifier>
      <Extensions>h;hh;hpp;hxx;hm;inl;inc;ipp;xsd</Extensions>
    </Filter>
    <Filter Include="Resource Files">
      <UniqueIdentifier>{67DA6AB6-F800-4c08-8B7A-83BB121AAD01}</UniqueIdentifier>
      <Extensions>rc;ico;cur;bmp;dlg;rc2;rct;bin;rgs;gif;jpg;jpeg;jpe;resx;tiff;tif;png;wav;mfcribbon-ms</Extensions>
    </Filter>
  </ItemGroup>
  <ItemGroup>
    <ClCompile Include="src\demo.cpp">
      <Filter>Source Files</Filter>
    </ClCompile>
    <ClCompile Include="src\matrices.cpp">
      <Filter>Source Files</Filter>
    </ClCompile>
    <ClCompile Include="src\matrix_factory.cpp">
      <Filter>Source Files</Filter>
    </ClCompile>
    <ClCompile Include="src\vectors.cpp">
      <Filter>Source Files</Filter>
    </ClCompile>
    <ClCompile Include="src\camera.cpp">
      <Filter>Source Files</Filter>
    </ClCompile>
    <ClCompile Include="src\quaternion.cpp">
      <Filter>Source Files</Filter>
    </ClCompile>
    <ClCompile Include="src\scene_node.cpp">
      <Filter>Source Files</Filter>
    </ClCompile>
    <ClCompile Include="src\scene_graph.cpp">
      <Filter>Source Files</Filter>
    </ClCompile>
    <ClCompile Include="src\mesh.cpp">
      <Filter>Source Files</Filter>
    </ClCompile>
    <ClCompile Include="src\mesh_manager.cpp">
      <Filter>Source Files</Filter>
    </ClCompile>
    <ClCompile Include="src\scene_manager.cpp">
      <Filter>Source Files</Filter>
    </ClCompile>
    <ClCompile Include="src\shader_manager.cpp">
      <Filter>Source Files</Filter>
    </ClCompile>
    <ClCompile Include="src\keybuffer.cpp">
      <Filter>Source Files</Filter>
    </ClCompile>
    <ClCompile Include="src\shader.cpp">
      <Filter>Source Files</Filter>
    </ClCompile>
    <ClCompile Include="src\particle.cpp">
      <Filter>Source Files</Filter>
    </ClCompile>
    <ClCompile Include="src\particle_system.cpp">
      <Filter>Source Files</Filter>
    </ClCompile>
    <ClCompile Include="src\texture.cpp">
      <Filter>Source Files</Filter>
    </ClCompile>
    <ClCompile Include="src\sampler.cpp">
      <Filter>Source Files</Filter>
    </ClCompile>
    <ClCompile Include="src\texture_manger.cpp">
      <Filter>Source Files</Filter>
    </ClCompile>
    <ClCompile Include="src\water_fbos.cpp">
      <Filter>Source Files</Filter>
    </ClCompile>
    <ClCompile Include="src\water.cpp">
      <Filter>Source Files</Filter>
    </ClCompile>
  </ItemGroup>
  <ItemGroup>
    <ClInclude Include="src\math_helpers.h">
      <Filter>Header Files</Filter>
    </ClInclude>
    <ClInclude Include="src\matrices.h">
      <Filter>Header Files</Filter>
    </ClInclude>
    <ClInclude Include="src\matrix_factory.h">
      <Filter>Header Files</Filter>
    </ClInclude>
    <ClInclude Include="src\vectors.h">
      <Filter>Header Files</Filter>
    </ClInclude>
    <ClInclude Include="src\camera.h">
      <Filter>Header Files</Filter>
    </ClInclude>
    <ClInclude Include="src\quaternion.h">
      <Filter>Header Files</Filter>
    </ClInclude>
    <ClInclude Include="src\scene_node.h">
      <Filter>Header Files</Filter>
    </ClInclude>
    <ClInclude Include="src\scene_graph.h">
      <Filter>Header Files</Filter>
    </ClInclude>
    <ClInclude Include="src\mesh.h">
      <Filter>Header Files</Filter>
    </ClInclude>
    <ClInclude Include="src\i_manager.h">
      <Filter>Header Files</Filter>
    </ClInclude>
    <ClInclude Include="src\mesh_manager.h">
      <Filter>Header Files</Filter>
    </ClInclude>
    <ClInclude Include="src\scene_manager.h">
      <Filter>Header Files</Filter>
    </ClInclude>
    <ClInclude Include="src\shader_manager.h">
      <Filter>Header Files</Filter>
    </ClInclude>
    <ClInclude Include="src\keybuffer.h">
      <Filter>Header Files</Filter>
    </ClInclude>
    <ClInclude Include="src\shader.h">
      <Filter>Header Files</Filter>
    </ClInclude>
    <ClInclude Include="src\i_scene_node_callback.h">
      <Filter>Header Files</Filter>
    </ClInclude>
    <ClInclude Include="src\particle.h">
      <Filter>Header Files</Filter>
    </ClInclude>
    <ClInclude Include="src\particle_system.h">
      <Filter>Header Files</Filter>
    </ClInclude>
    <ClInclude Include="src\texture.h">
      <Filter>Header Files</Filter>
    </ClInclude>
    <ClInclude Include="src\texture_manager.h">
      <Filter>Header Files</Filter>
    </ClInclude>
    <ClInclude Include="src\sampler.h">
      <Filter>Header Files</Filter>
    </ClInclude>
    <ClInclude Include="src\water_fbos.h">
      <Filter>Header Files</Filter>
    </ClInclude>
    <ClInclude Include="src\water.h">
      <Filter>Header Files</Filter>
    </ClInclude>
  </ItemGroup>
  <ItemGroup>
    <None Include="assets\basic-fs.glsl">
      <Filter>Resource Files</Filter>
    </None>
    <None Include="assets\basic-vs.glsl">
      <Filter>Resource Files</Filter>
    </None>
    <None Include="assets\celshading1-fs.glsl">
      <Filter>Resource Files</Filter>
    </None>
    <None Include="assets\celshading1-vs.glsl">
      <Filter>Resource Files</Filter>
    </None>
    <None Include="assets\celshading2-fs.glsl">
      <Filter>Resource Files</Filter>
    </None>
    <None Include="assets\celshading2-vs.glsl">
      <Filter>Resource Files</Filter>
    </None>
    <None Include="assets\silhouette1-fs.glsl">
      <Filter>Resource Files</Filter>
    </None>
    <None Include="assets\silhouette1-vs.glsl">
      <Filter>Resource Files</Filter>
    </None>
    <None Include="assets\celshadingcolor-fs.glsl">
      <Filter>Resource Files</Filter>
    </None>
    <None Include="assets\particle-fs.glsl">
      <Filter>Resource Files</Filter>
    </None>
    <None Include="assets\particle-gs.glsl">
      <Filter>Resource Files</Filter>
    </None>
    <None Include="assets\particle-vs.glsl">
      <Filter>Resource Files</Filter>
    </None>
    <None Include="assets\skybox-fs.glsl">
      <Filter>Resource Files</Filter>
    </None>
    <None Include="assets\skybox-vs.glsl">
      <Filter>Resource Files</Filter>
    </None>
    <None Include="assets\water-fs.glsl">
      <Filter>Resource Files</Filter>
    </None>
    <None Include="assets\water-vs.glsl">
      <Filter>Resource Files</Filter>
    </None>
  </ItemGroup>
</Project>